
Microsoft Visual Studio Solution File, Format Version 12.00
# Visual Studio 15
VisualStudioVersion = 15.0.28307.2092
MinimumVisualStudioVersion = 10.0.40219.1
Project("{FAE04EC0-301F-11D3-BF4B-00C04F79EFBC}") = "WindowsFormsApp1", "WindowsFormsApp1\WindowsFormsApp1.csproj", "{C93F8C2F-D468-4D08-839C-6F422E5A1147}"
EndProject
Global
	GlobalSection(SolutionConfigurationPlatforms) = preSolution
		Debug|Any CPU = Debug|Any CPU
		Release|Any CPU = Release|Any CPU
	EndGlobalSection
	GlobalSection(ProjectConfigurationPlatforms) = postSolution
		{C93F8C2F-D468-4D08-839C-6F422E5A1147}.Debug|Any CPU.ActiveCfg = Debug|Any CPU
		{C93F8C2F-D468-4D08-839C-6F422E5A1147}.Debug|Any CPU.Build.0 = Debug|Any CPU
		{C93F8C2F-D468-4D08-839C-6F422E5A1147}.Release|Any CPU.ActiveCfg = Release|Any CPU
		{C93F8C2F-D468-4D08-839C-6F422E5A1147}.Release|Any CPU.Build.0 = Release|Any CPU
	EndGlobalSection
	GlobalSection(SolutionProperties) = preSolution
		HideSolutionNode = FALSE
	EndGlobalSection
	GlobalSection(ExtensibilityGlobals) = postSolution
		SolutionGuid = {2D7B5465-7E82-4ACF-89BB-B307C7F197CE}
	EndGlobalSection
EndGlobal
